{
  "name": "firebase",
  "lockfileVersion": 3,
  "requires": true,
  "packages": {
    "": {
      "dependencies": {
        "twitter-api-v2": "^1.16.1"
      }
    },
    "node_modules/twitter-api-v2": {
      "version": "1.16.1",
      "resolved": "https://registry.npmjs.org/twitter-api-v2/-/twitter-api-v2-1.16.1.tgz",
      "integrity": "sha512-76hZsRmVdFQu2MvN2oBw0RjTsYmgqnef1bWb4/Ds54CrcTXvtTZFCp3d6FMdeKp9m2PIx2l9MIJWvs5PjQN/Dw=="
    }
  }
}
